// !$*UTF8*$!
{
	archiveVersion = 1;
	classes = {
	};
	objectVersion = 46;
	objects = {

/* Begin PBXBuildFile section */
		067E5AF818F4E8D200CBE994 /* mix.jpg in Resources */ = {isa = PBXBuildFile; fileRef = 067E5AF218F4E8D200CBE994 /* mix.jpg */; };
		067E5AF918F4E8D200CBE994 /* olive.jpg in Resources */ = {isa = PBXBuildFile; fileRef = 067E5AF318F4E8D200CBE994 /* olive.jpg */; };
		067E5AFA18F4E8D200CBE994 /* onion1.jpg in Resources */ = {isa = PBXBuildFile; fileRef = 067E5AF418F4E8D200CBE994 /* onion1.jpg */; };
		067E5AFB18F4E8D200CBE994 /* onion2.jpg in Resources */ = {isa = PBXBuildFile; fileRef = 067E5AF518F4E8D200CBE994 /* onion2.jpg */; };
		067E5AFC18F4E8D200CBE994 /* tomato1.jpg in Resources */ = {isa = PBXBuildFile; fileRef = 067E5AF618F4E8D200CBE994 /* tomato1.jpg */; };
		067E5AFD18F4E8D200CBE994 /* tomato2.jpg in Resources */ = {isa = PBXBuildFile; fileRef = 067E5AF718F4E8D200CBE994 /* tomato2.jpg */; };
		067E5AFF18F4E8DA00CBE994 /* cucumber.jpg in Resources */ = {isa = PBXBuildFile; fileRef = 067E5AFE18F4E8DA00CBE994 /* cucumber.jpg */; };
		067E5B0218F4E9E600CBE994 /* StepsViewController.m in Sources */ = {isa = PBXBuildFile; fileRef = 067E5B0118F4E9E600CBE994 /* StepsViewController.m */; };
		0691DFCA18F35BC6004EC9AB /* menu-icon30.png in Resources */ = {isa = PBXBuildFile; fileRef = 0691DFC918F35BC6004EC9AB /* menu-icon30.png */; };
		0691DFCD18F36B39004EC9AB /* StepViewController.m in Sources */ = {isa = PBXBuildFile; fileRef = 0691DFCC18F36B39004EC9AB /* StepViewController.m */; };
		682859CC18F4B56100675186 /* icon-ios7-arrow-left-512.png in Resources */ = {isa = PBXBuildFile; fileRef = 682859CA18F4B56100675186 /* icon-ios7-arrow-left-512.png */; };
		682859CD18F4B56100675186 /* icon-ios7-arrow-right-512.png in Resources */ = {isa = PBXBuildFile; fileRef = 682859CB18F4B56100675186 /* icon-ios7-arrow-right-512.png */; };
		682859D418F4B6A000675186 /* icon-ios7-arrow-left-64.png in Resources */ = {isa = PBXBuildFile; fileRef = 682859D218F4B6A000675186 /* icon-ios7-arrow-left-64.png */; };
		682859D518F4B6A000675186 /* icon-ios7-arrow-right-64.png in Resources */ = {isa = PBXBuildFile; fileRef = 682859D318F4B6A000675186 /* icon-ios7-arrow-right-64.png */; };
		68315FFD18F1CEF700808FEA /* CookableResultTile.png in Resources */ = {isa = PBXBuildFile; fileRef = 68315FFC18F1CEF700808FEA /* CookableResultTile.png */; };
		6831600118F1DDE200808FEA /* star.png in Resources */ = {isa = PBXBuildFile; fileRef = 6831600018F1DDE200808FEA /* star.png */; };
		684B83F518F34E4900615D93 /* RecipeOverviewTableViewController.m in Sources */ = {isa = PBXBuildFile; fileRef = 684B83F418F34E4900615D93 /* RecipeOverviewTableViewController.m */; };
		684B83F918F3522700615D93 /* greek-salad-520-a.jpg in Resources */ = {isa = PBXBuildFile; fileRef = 684B83F618F3522700615D93 /* greek-salad-520-a.jpg */; };
		684B83FA18F3522700615D93 /* greek-salad-su-1173749-l.jpg in Resources */ = {isa = PBXBuildFile; fileRef = 684B83F718F3522700615D93 /* greek-salad-su-1173749-l.jpg */; };
		684B83FB18F3522700615D93 /* Greek-Salad.jpg in Resources */ = {isa = PBXBuildFile; fileRef = 684B83F818F3522700615D93 /* Greek-Salad.jpg */; };
		684B83FD18F3525D00615D93 /* Greek-Salad-2.jpg in Resources */ = {isa = PBXBuildFile; fileRef = 684B83FC18F3525D00615D93 /* Greek-Salad-2.jpg */; };
		684B83FF18F3569300615D93 /* cookinginstructions.png in Resources */ = {isa = PBXBuildFile; fileRef = 684B83FE18F3569300615D93 /* cookinginstructions.png */; };
		684B840118F389B100615D93 /* ios7_siri_icon.png in Resources */ = {isa = PBXBuildFile; fileRef = 684B840018F389B100615D93 /* ios7_siri_icon.png */; };
		688551FA19072FDB00CEEC02 /* CornTile.jpg in Resources */ = {isa = PBXBuildFile; fileRef = 688551F919072FDB00CEEC02 /* CornTile.jpg */; };
		688551FC1907327200CEEC02 /* PotatoTile.jpg in Resources */ = {isa = PBXBuildFile; fileRef = 688551FB1907327200CEEC02 /* PotatoTile.jpg */; };
		688551FE1907327A00CEEC02 /* CaesarTile.jpg in Resources */ = {isa = PBXBuildFile; fileRef = 688551FD1907327A00CEEC02 /* CaesarTile.jpg */; };
		688552021907332600CEEC02 /* GreekTile.jpg in Resources */ = {isa = PBXBuildFile; fileRef = 688552011907332600CEEC02 /* GreekTile.jpg */; };
		68855204190734A400CEEC02 /* ChickenTile.jpg in Resources */ = {isa = PBXBuildFile; fileRef = 68855203190734A400CEEC02 /* ChickenTile.jpg */; };
		68855206190734C700CEEC02 /* AppleColeslawTile.jpg in Resources */ = {isa = PBXBuildFile; fileRef = 68855205190734C700CEEC02 /* AppleColeslawTile.jpg */; };
		68B7F12018F1E078004BCD37 /* icon_431.png in Resources */ = {isa = PBXBuildFile; fileRef = 68B7F11F18F1E078004BCD37 /* icon_431.png */; };
		68B7F12518F1EC5A004BCD37 /* ResultsCollectionViewController.m in Sources */ = {isa = PBXBuildFile; fileRef = 68B7F12418F1EC5A004BCD37 /* ResultsCollectionViewController.m */; };
		68B7F12B18F1F941004BCD37 /* RecommendedViewController.m in Sources */ = {isa = PBXBuildFile; fileRef = 68B7F12A18F1F941004BCD37 /* RecommendedViewController.m */; };
		68CD175D18FC864E006BEEE7 /* CaesarSaladTile.jpg in Resources */ = {isa = PBXBuildFile; fileRef = 68CD175518FC864E006BEEE7 /* CaesarSaladTile.jpg */; };
		68CD175E18FC864E006BEEE7 /* ChickenSaladTile.jpg in Resources */ = {isa = PBXBuildFile; fileRef = 68CD175618FC864E006BEEE7 /* ChickenSaladTile.jpg */; };
		68CD175F18FC864E006BEEE7 /* FruitSaladTile.jpg in Resources */ = {isa = PBXBuildFile; fileRef = 68CD175718FC864E006BEEE7 /* FruitSaladTile.jpg */; };
		68CD176018FC864E006BEEE7 /* GreekSaladTile.jpg in Resources */ = {isa = PBXBuildFile; fileRef = 68CD175818FC864E006BEEE7 /* GreekSaladTile.jpg */; };
		68CD176118FC864E006BEEE7 /* PotatoSaladTile.jpg in Resources */ = {isa = PBXBuildFile; fileRef = 68CD175918FC864E006BEEE7 /* PotatoSaladTile.jpg */; };
		68CD176418FC8748006BEEE7 /* TunaSaladTile.jpg in Resources */ = {isa = PBXBuildFile; fileRef = 68CD176318FC8748006BEEE7 /* TunaSaladTile.jpg */; };
		68CD176818FC8937006BEEE7 /* AvocadoTile.jpg in Resources */ = {isa = PBXBuildFile; fileRef = 68CD176518FC8937006BEEE7 /* AvocadoTile.jpg */; };
		68CD176918FC8937006BEEE7 /* EggSaladTile.jpg in Resources */ = {isa = PBXBuildFile; fileRef = 68CD176618FC8937006BEEE7 /* EggSaladTile.jpg */; };
		68CD176A18FC8937006BEEE7 /* ShrimpSaladTile.jpg in Resources */ = {isa = PBXBuildFile; fileRef = 68CD176718FC8937006BEEE7 /* ShrimpSaladTile.jpg */; };
		68E4E57E18E9E98500E06DED /* Foundation.framework in Frameworks */ = {isa = PBXBuildFile; fileRef = 68E4E57D18E9E98500E06DED /* Foundation.framework */; };
		68E4E58018E9E98500E06DED /* CoreGraphics.framework in Frameworks */ = {isa = PBXBuildFile; fileRef = 68E4E57F18E9E98500E06DED /* CoreGraphics.framework */; };
		68E4E58218E9E98500E06DED /* UIKit.framework in Frameworks */ = {isa = PBXBuildFile; fileRef = 68E4E58118E9E98500E06DED /* UIKit.framework */; };
		68E4E58818E9E98500E06DED /* InfoPlist.strings in Resources */ = {isa = PBXBuildFile; fileRef = 68E4E58618E9E98500E06DED /* InfoPlist.strings */; };
		68E4E58A18E9E98500E06DED /* main.m in Sources */ = {isa = PBXBuildFile; fileRef = 68E4E58918E9E98500E06DED /* main.m */; };
		68E4E58E18E9E98500E06DED /* RNGAppDelegate.m in Sources */ = {isa = PBXBuildFile; fileRef = 68E4E58D18E9E98500E06DED /* RNGAppDelegate.m */; };
		68E4E59118E9E98500E06DED /* Main.storyboard in Resources */ = {isa = PBXBuildFile; fileRef = 68E4E58F18E9E98500E06DED /* Main.storyboard */; };
		68E4E59418E9E98500E06DED /* RNGViewController.m in Sources */ = {isa = PBXBuildFile; fileRef = 68E4E59318E9E98500E06DED /* RNGViewController.m */; };
		68E4E59618E9E98500E06DED /* Images.xcassets in Resources */ = {isa = PBXBuildFile; fileRef = 68E4E59518E9E98500E06DED /* Images.xcassets */; };
		68E4E59D18E9E98500E06DED /* XCTest.framework in Frameworks */ = {isa = PBXBuildFile; fileRef = 68E4E59C18E9E98500E06DED /* XCTest.framework */; };
		68E4E59E18E9E98500E06DED /* Foundation.framework in Frameworks */ = {isa = PBXBuildFile; fileRef = 68E4E57D18E9E98500E06DED /* Foundation.framework */; };
		68E4E59F18E9E98500E06DED /* UIKit.framework in Frameworks */ = {isa = PBXBuildFile; fileRef = 68E4E58118E9E98500E06DED /* UIKit.framework */; };
		68E4E5A718E9E98500E06DED /* InfoPlist.strings in Resources */ = {isa = PBXBuildFile; fileRef = 68E4E5A518E9E98500E06DED /* InfoPlist.strings */; };
		68E4E5A918E9E98500E06DED /* CookableTests.m in Sources */ = {isa = PBXBuildFile; fileRef = 68E4E5A818E9E98500E06DED /* CookableTests.m */; };
/* End PBXBuildFile section */

/* Begin PBXContainerItemProxy section */
		68E4E5A018E9E98500E06DED /* PBXContainerItemProxy */ = {
			isa = PBXContainerItemProxy;
			containerPortal = 68E4E57218E9E98500E06DED /* Project object */;
			proxyType = 1;
			remoteGlobalIDString = 68E4E57918E9E98500E06DED;
			remoteInfo = Cookable;
		};
/* End PBXContainerItemProxy section */

/* Begin PBXFileReference section */
		067E5AF218F4E8D200CBE994 /* mix.jpg */ = {isa = PBXFileReference; lastKnownFileType = image.jpeg; path = mix.jpg; sourceTree = "<group>"; };
		067E5AF318F4E8D200CBE994 /* olive.jpg */ = {isa = PBXFileReference; lastKnownFileType = image.jpeg; path = olive.jpg; sourceTree = "<group>"; };
		067E5AF418F4E8D200CBE994 /* onion1.jpg */ = {isa = PBXFileReference; lastKnownFileType = image.jpeg; path = onion1.jpg; sourceTree = "<group>"; };
		067E5AF518F4E8D200CBE994 /* onion2.jpg */ = {isa = PBXFileReference; lastKnownFileType = image.jpeg; path = onion2.jpg; sourceTree = "<group>"; };
		067E5AF618F4E8D200CBE994 /* tomato1.jpg */ = {isa = PBXFileReference; lastKnownFileType = image.jpeg; path = tomato1.jpg; sourceTree = "<group>"; };
		067E5AF718F4E8D200CBE994 /* tomato2.jpg */ = {isa = PBXFileReference; lastKnownFileType = image.jpeg; path = tomato2.jpg; sourceTree = "<group>"; };
		067E5AFE18F4E8DA00CBE994 /* cucumber.jpg */ = {isa = PBXFileReference; lastKnownFileType = image.jpeg; path = cucumber.jpg; sourceTree = "<group>"; };
		067E5B0018F4E9E600CBE994 /* StepsViewController.h */ = {isa = PBXFileReference; fileEncoding = 4; lastKnownFileType = sourcecode.c.h; path = StepsViewController.h; sourceTree = "<group>"; };
		067E5B0118F4E9E600CBE994 /* StepsViewController.m */ = {isa = PBXFileReference; fileEncoding = 4; lastKnownFileType = sourcecode.c.objc; path = StepsViewController.m; sourceTree = "<group>"; };
		0691DFC918F35BC6004EC9AB /* menu-icon30.png */ = {isa = PBXFileReference; lastKnownFileType = image.png; path = "menu-icon30.png"; sourceTree = "<group>"; };
		0691DFCB18F36B39004EC9AB /* StepViewController.h */ = {isa = PBXFileReference; fileEncoding = 4; lastKnownFileType = sourcecode.c.h; path = StepViewController.h; sourceTree = "<group>"; };
		0691DFCC18F36B39004EC9AB /* StepViewController.m */ = {isa = PBXFileReference; fileEncoding = 4; lastKnownFileType = sourcecode.c.objc; path = StepViewController.m; sourceTree = "<group>"; };
		682859CA18F4B56100675186 /* icon-ios7-arrow-left-512.png */ = {isa = PBXFileReference; lastKnownFileType = image.png; path = "icon-ios7-arrow-left-512.png"; sourceTree = "<group>"; };
		682859CB18F4B56100675186 /* icon-ios7-arrow-right-512.png */ = {isa = PBXFileReference; lastKnownFileType = image.png; path = "icon-ios7-arrow-right-512.png"; sourceTree = "<group>"; };
		682859D218F4B6A000675186 /* icon-ios7-arrow-left-64.png */ = {isa = PBXFileReference; lastKnownFileType = image.png; path = "icon-ios7-arrow-left-64.png"; sourceTree = "<group>"; };
		682859D318F4B6A000675186 /* icon-ios7-arrow-right-64.png */ = {isa = PBXFileReference; lastKnownFileType = image.png; path = "icon-ios7-arrow-right-64.png"; sourceTree = "<group>"; };
		68315FFC18F1CEF700808FEA /* CookableResultTile.png */ = {isa = PBXFileReference; lastKnownFileType = image.png; path = CookableResultTile.png; sourceTree = "<group>"; };
		6831600018F1DDE200808FEA /* star.png */ = {isa = PBXFileReference; lastKnownFileType = image.png; path = star.png; sourceTree = "<group>"; };
		684B83F318F34E4900615D93 /* RecipeOverviewTableViewController.h */ = {isa = PBXFileReference; fileEncoding = 4; lastKnownFileType = sourcecode.c.h; path = RecipeOverviewTableViewController.h; sourceTree = "<group>"; };
		684B83F418F34E4900615D93 /* RecipeOverviewTableViewController.m */ = {isa = PBXFileReference; fileEncoding = 4; lastKnownFileType = sourcecode.c.objc; path = RecipeOverviewTableViewController.m; sourceTree = "<group>"; };
		684B83F618F3522700615D93 /* greek-salad-520-a.jpg */ = {isa = PBXFileReference; lastKnownFileType = image.jpeg; path = "greek-salad-520-a.jpg"; sourceTree = "<group>"; };
		684B83F718F3522700615D93 /* greek-salad-su-1173749-l.jpg */ = {isa = PBXFileReference; lastKnownFileType = image.jpeg; path = "greek-salad-su-1173749-l.jpg"; sourceTree = "<group>"; };
		684B83F818F3522700615D93 /* Greek-Salad.jpg */ = {isa = PBXFileReference; lastKnownFileType = image.jpeg; path = "Greek-Salad.jpg"; sourceTree = "<group>"; };
		684B83FC18F3525D00615D93 /* Greek-Salad-2.jpg */ = {isa = PBXFileReference; lastKnownFileType = image.jpeg; path = "Greek-Salad-2.jpg"; sourceTree = "<group>"; };
		684B83FE18F3569300615D93 /* cookinginstructions.png */ = {isa = PBXFileReference; lastKnownFileType = image.png; path = cookinginstructions.png; sourceTree = "<group>"; };
		684B840018F389B100615D93 /* ios7_siri_icon.png */ = {isa = PBXFileReference; lastKnownFileType = image.png; path = ios7_siri_icon.png; sourceTree = "<group>"; };
		688551F919072FDB00CEEC02 /* CornTile.jpg */ = {isa = PBXFileReference; lastKnownFileType = image.jpeg; path = CornTile.jpg; sourceTree = "<group>"; };
		688551FB1907327200CEEC02 /* PotatoTile.jpg */ = {isa = PBXFileReference; lastKnownFileType = image.jpeg; path = PotatoTile.jpg; sourceTree = "<group>"; };
		688551FD1907327A00CEEC02 /* CaesarTile.jpg */ = {isa = PBXFileReference; lastKnownFileType = image.jpeg; path = CaesarTile.jpg; sourceTree = "<group>"; };
		688552011907332600CEEC02 /* GreekTile.jpg */ = {isa = PBXFileReference; lastKnownFileType = image.jpeg; path = GreekTile.jpg; sourceTree = "<group>"; };
		68855203190734A400CEEC02 /* ChickenTile.jpg */ = {isa = PBXFileReference; lastKnownFileType = image.jpeg; path = ChickenTile.jpg; sourceTree = "<group>"; };
		68855205190734C700CEEC02 /* AppleColeslawTile.jpg */ = {isa = PBXFileReference; lastKnownFileType = image.jpeg; path = AppleColeslawTile.jpg; sourceTree = "<group>"; };
		68B7F11F18F1E078004BCD37 /* icon_431.png */ = {isa = PBXFileReference; lastKnownFileType = image.png; path = icon_431.png; sourceTree = "<group>"; };
		68B7F12318F1EC5A004BCD37 /* ResultsCollectionViewController.h */ = {isa = PBXFileReference; fileEncoding = 4; lastKnownFileType = sourcecode.c.h; path = ResultsCollectionViewController.h; sourceTree = "<group>"; };
		68B7F12418F1EC5A004BCD37 /* ResultsCollectionViewController.m */ = {isa = PBXFileReference; fileEncoding = 4; lastKnownFileType = sourcecode.c.objc; path = ResultsCollectionViewController.m; sourceTree = "<group>"; };
		68B7F12918F1F941004BCD37 /* RecommendedViewController.h */ = {isa = PBXFileReference; fileEncoding = 4; lastKnownFileType = sourcecode.c.h; path = RecommendedViewController.h; sourceTree = "<group>"; };
		68B7F12A18F1F941004BCD37 /* RecommendedViewController.m */ = {isa = PBXFileReference; fileEncoding = 4; lastKnownFileType = sourcecode.c.objc; path = RecommendedViewController.m; sourceTree = "<group>"; };
		68CD175518FC864E006BEEE7 /* CaesarSaladTile.jpg */ = {isa = PBXFileReference; lastKnownFileType = image.jpeg; path = CaesarSaladTile.jpg; sourceTree = "<group>"; };
		68CD175618FC864E006BEEE7 /* ChickenSaladTile.jpg */ = {isa = PBXFileReference; lastKnownFileType = image.jpeg; path = ChickenSaladTile.jpg; sourceTree = "<group>"; };
		68CD175718FC864E006BEEE7 /* FruitSaladTile.jpg */ = {isa = PBXFileReference; lastKnownFileType = image.jpeg; path = FruitSaladTile.jpg; sourceTree = "<group>"; };
		68CD175818FC864E006BEEE7 /* GreekSaladTile.jpg */ = {isa = PBXFileReference; lastKnownFileType = image.jpeg; path = GreekSaladTile.jpg; sourceTree = "<group>"; };
		68CD175918FC864E006BEEE7 /* PotatoSaladTile.jpg */ = {isa = PBXFileReference; lastKnownFileType = image.jpeg; path = PotatoSaladTile.jpg; sourceTree = "<group>"; };
		68CD176318FC8748006BEEE7 /* TunaSaladTile.jpg */ = {isa = PBXFileReference; lastKnownFileType = image.jpeg; path = TunaSaladTile.jpg; sourceTree = "<group>"; };
		68CD176518FC8937006BEEE7 /* AvocadoTile.jpg */ = {isa = PBXFileReference; lastKnownFileType = image.jpeg; path = AvocadoTile.jpg; sourceTree = "<group>"; };
		68CD176618FC8937006BEEE7 /* EggSaladTile.jpg */ = {isa = PBXFileReference; lastKnownFileType = image.jpeg; path = EggSaladTile.jpg; sourceTree = "<group>"; };
		68CD176718FC8937006BEEE7 /* ShrimpSaladTile.jpg */ = {isa = PBXFileReference; lastKnownFileType = image.jpeg; path = ShrimpSaladTile.jpg; sourceTree = "<group>"; };
		68E4E57A18E9E98500E06DED /* Cookable.app */ = {isa = PBXFileReference; explicitFileType = wrapper.application; includeInIndex = 0; path = Cookable.app; sourceTree = BUILT_PRODUCTS_DIR; };
		68E4E57D18E9E98500E06DED /* Foundation.framework */ = {isa = PBXFileReference; lastKnownFileType = wrapper.framework; name = Foundation.framework; path = System/Library/Frameworks/Foundation.framework; sourceTree = SDKROOT; };
		68E4E57F18E9E98500E06DED /* CoreGraphics.framework */ = {isa = PBXFileReference; lastKnownFileType = wrapper.framework; name = CoreGraphics.framework; path = System/Library/Frameworks/CoreGraphics.framework; sourceTree = SDKROOT; };
		68E4E58118E9E98500E06DED /* UIKit.framework */ = {isa = PBXFileReference; lastKnownFileType = wrapper.framework; name = UIKit.framework; path = System/Library/Frameworks/UIKit.framework; sourceTree = SDKROOT; };
		68E4E58518E9E98500E06DED /* Cookable-Info.plist */ = {isa = PBXFileReference; lastKnownFileType = text.plist.xml; path = "Cookable-Info.plist"; sourceTree = "<group>"; };
		68E4E58718E9E98500E06DED /* en */ = {isa = PBXFileReference; lastKnownFileType = text.plist.strings; name = en; path = en.lproj/InfoPlist.strings; sourceTree = "<group>"; };
		68E4E58918E9E98500E06DED /* main.m */ = {isa = PBXFileReference; lastKnownFileType = sourcecode.c.objc; path = main.m; sourceTree = "<group>"; };
		68E4E58B18E9E98500E06DED /* Cookable-Prefix.pch */ = {isa = PBXFileReference; lastKnownFileType = sourcecode.c.h; path = "Cookable-Prefix.pch"; sourceTree = "<group>"; };
		68E4E58C18E9E98500E06DED /* RNGAppDelegate.h */ = {isa = PBXFileReference; lastKnownFileType = sourcecode.c.h; path = RNGAppDelegate.h; sourceTree = "<group>"; };
		68E4E58D18E9E98500E06DED /* RNGAppDelegate.m */ = {isa = PBXFileReference; lastKnownFileType = sourcecode.c.objc; path = RNGAppDelegate.m; sourceTree = "<group>"; };
		68E4E59018E9E98500E06DED /* Base */ = {isa = PBXFileReference; lastKnownFileType = file.storyboard; name = Base; path = Base.lproj/Main.storyboard; sourceTree = "<group>"; };
		68E4E59218E9E98500E06DED /* RNGViewController.h */ = {isa = PBXFileReference; lastKnownFileType = sourcecode.c.h; path = RNGViewController.h; sourceTree = "<group>"; };
		68E4E59318E9E98500E06DED /* RNGViewController.m */ = {isa = PBXFileReference; lastKnownFileType = sourcecode.c.objc; path = RNGViewController.m; sourceTree = "<group>"; };
		68E4E59518E9E98500E06DED /* Images.xcassets */ = {isa = PBXFileReference; lastKnownFileType = folder.assetcatalog; path = Images.xcassets; sourceTree = "<group>"; };
		68E4E59B18E9E98500E06DED /* CookableTests.xctest */ = {isa = PBXFileReference; explicitFileType = wrapper.cfbundle; includeInIndex = 0; path = CookableTests.xctest; sourceTree = BUILT_PRODUCTS_DIR; };
		68E4E59C18E9E98500E06DED /* XCTest.framework */ = {isa = PBXFileReference; lastKnownFileType = wrapper.framework; name = XCTest.framework; path = Library/Frameworks/XCTest.framework; sourceTree = DEVELOPER_DIR; };
		68E4E5A418E9E98500E06DED /* CookableTests-Info.plist */ = {isa = PBXFileReference; lastKnownFileType = text.plist.xml; path = "CookableTests-Info.plist"; sourceTree = "<group>"; };
		68E4E5A618E9E98500E06DED /* en */ = {isa = PBXFileReference; lastKnownFileType = text.plist.strings; name = en; path = en.lproj/InfoPlist.strings; sourceTree = "<group>"; };
		68E4E5A818E9E98500E06DED /* CookableTests.m */ = {isa = PBXFileReference; lastKnownFileType = sourcecode.c.objc; path = CookableTests.m; sourceTree = "<group>"; };
/* End PBXFileReference section */

/* Begin PBXFrameworksBuildPhase section */
		68E4E57718E9E98500E06DED /* Frameworks */ = {
			isa = PBXFrameworksBuildPhase;
			buildActionMask = 2147483647;
			files = (
				68E4E58018E9E98500E06DED /* CoreGraphics.framework in Frameworks */,
				68E4E58218E9E98500E06DED /* UIKit.framework in Frameworks */,
				68E4E57E18E9E98500E06DED /* Foundation.framework in Frameworks */,
			);
			runOnlyForDeploymentPostprocessing = 0;
		};
		68E4E59818E9E98500E06DED /* Frameworks */ = {
			isa = PBXFrameworksBuildPhase;
			buildActionMask = 2147483647;
			files = (
				68E4E59D18E9E98500E06DED /* XCTest.framework in Frameworks */,
				68E4E59F18E9E98500E06DED /* UIKit.framework in Frameworks */,
				68E4E59E18E9E98500E06DED /* Foundation.framework in Frameworks */,
			);
			runOnlyForDeploymentPostprocessing = 0;
		};
/* End PBXFrameworksBuildPhase section */

/* Begin PBXGroup section */
		68E4E57118E9E98500E06DED = {
			isa = PBXGroup;
			children = (
				68E4E58318E9E98500E06DED /* Cookable */,
				68E4E5A218E9E98500E06DED /* CookableTests */,
				68E4E57C18E9E98500E06DED /* Frameworks */,
				68E4E57B18E9E98500E06DED /* Products */,
			);
			sourceTree = "<group>";
		};
		68E4E57B18E9E98500E06DED /* Products */ = {
			isa = PBXGroup;
			children = (
				68E4E57A18E9E98500E06DED /* Cookable.app */,
				68E4E59B18E9E98500E06DED /* CookableTests.xctest */,
			);
			name = Products;
			sourceTree = "<group>";
		};
		68E4E57C18E9E98500E06DED /* Frameworks */ = {
			isa = PBXGroup;
			children = (
				68E4E57D18E9E98500E06DED /* Foundation.framework */,
				68E4E57F18E9E98500E06DED /* CoreGraphics.framework */,
				68E4E58118E9E98500E06DED /* UIKit.framework */,
				68E4E59C18E9E98500E06DED /* XCTest.framework */,
			);
			name = Frameworks;
			sourceTree = "<group>";
		};
		68E4E58318E9E98500E06DED /* Cookable */ = {
			isa = PBXGroup;
			children = (
				067E5B0018F4E9E600CBE994 /* StepsViewController.h */,
				067E5B0118F4E9E600CBE994 /* StepsViewController.m */,
				68E4E58C18E9E98500E06DED /* RNGAppDelegate.h */,
				68E4E58D18E9E98500E06DED /* RNGAppDelegate.m */,
				68E4E58F18E9E98500E06DED /* Main.storyboard */,
				0691DFCB18F36B39004EC9AB /* StepViewController.h */,
				0691DFCC18F36B39004EC9AB /* StepViewController.m */,
				684B83F318F34E4900615D93 /* RecipeOverviewTableViewController.h */,
				684B83F418F34E4900615D93 /* RecipeOverviewTableViewController.m */,
				68B7F12918F1F941004BCD37 /* RecommendedViewController.h */,
				68B7F12A18F1F941004BCD37 /* RecommendedViewController.m */,
				68B7F12318F1EC5A004BCD37 /* ResultsCollectionViewController.h */,
				68B7F12418F1EC5A004BCD37 /* ResultsCollectionViewController.m */,
				68E4E59218E9E98500E06DED /* RNGViewController.h */,
				68E4E59318E9E98500E06DED /* RNGViewController.m */,
				68E4E59518E9E98500E06DED /* Images.xcassets */,
				68E4E58418E9E98500E06DED /* Supporting Files */,
			);
			path = Cookable;
			sourceTree = "<group>";
		};
		68E4E58418E9E98500E06DED /* Supporting Files */ = {
			isa = PBXGroup;
			children = (
				68855205190734C700CEEC02 /* AppleColeslawTile.jpg */,
				68855203190734A400CEEC02 /* ChickenTile.jpg */,
				688552011907332600CEEC02 /* GreekTile.jpg */,
				688551FD1907327A00CEEC02 /* CaesarTile.jpg */,
				688551FB1907327200CEEC02 /* PotatoTile.jpg */,
				688551F919072FDB00CEEC02 /* CornTile.jpg */,
				68CD176518FC8937006BEEE7 /* AvocadoTile.jpg */,
				68CD176618FC8937006BEEE7 /* EggSaladTile.jpg */,
				68CD176718FC8937006BEEE7 /* ShrimpSaladTile.jpg */,
				68CD176318FC8748006BEEE7 /* TunaSaladTile.jpg */,
				68CD175518FC864E006BEEE7 /* CaesarSaladTile.jpg */,
				68CD175618FC864E006BEEE7 /* ChickenSaladTile.jpg */,
				68CD175718FC864E006BEEE7 /* FruitSaladTile.jpg */,
				68CD175818FC864E006BEEE7 /* GreekSaladTile.jpg */,
				68CD175918FC864E006BEEE7 /* PotatoSaladTile.jpg */,
				067E5AFE18F4E8DA00CBE994 /* cucumber.jpg */,
				067E5AF218F4E8D200CBE994 /* mix.jpg */,
				067E5AF318F4E8D200CBE994 /* olive.jpg */,
				067E5AF418F4E8D200CBE994 /* onion1.jpg */,
				067E5AF518F4E8D200CBE994 /* onion2.jpg */,
				067E5AF618F4E8D200CBE994 /* tomato1.jpg */,
				067E5AF718F4E8D200CBE994 /* tomato2.jpg */,
				682859D218F4B6A000675186 /* icon-ios7-arrow-left-64.png */,
				682859D318F4B6A000675186 /* icon-ios7-arrow-right-64.png */,
				682859CA18F4B56100675186 /* icon-ios7-arrow-left-512.png */,
				682859CB18F4B56100675186 /* icon-ios7-arrow-right-512.png */,
				684B840018F389B100615D93 /* ios7_siri_icon.png */,
				0691DFC918F35BC6004EC9AB /* menu-icon30.png */,
				684B83FE18F3569300615D93 /* cookinginstructions.png */,
				684B83FC18F3525D00615D93 /* Greek-Salad-2.jpg */,
				684B83F618F3522700615D93 /* greek-salad-520-a.jpg */,
				684B83F718F3522700615D93 /* greek-salad-su-1173749-l.jpg */,
				684B83F818F3522700615D93 /* Greek-Salad.jpg */,
				68B7F11F18F1E078004BCD37 /* icon_431.png */,
				6831600018F1DDE200808FEA /* star.png */,
				68315FFC18F1CEF700808FEA /* CookableResultTile.png */,
				68E4E58518E9E98500E06DED /* Cookable-Info.plist */,
				68E4E58618E9E98500E06DED /* InfoPlist.strings */,
				68E4E58918E9E98500E06DED /* main.m */,
				68E4E58B18E9E98500E06DED /* Cookable-Prefix.pch */,
			);
			name = "Supporting Files";
			sourceTree = "<group>";
		};
		68E4E5A218E9E98500E06DED /* CookableTests */ = {
			isa = PBXGroup;
			children = (
				68E4E5A818E9E98500E06DED /* CookableTests.m */,
				68E4E5A318E9E98500E06DED /* Supporting Files */,
			);
			path = CookableTests;
			sourceTree = "<group>";
		};
		68E4E5A318E9E98500E06DED /* Supporting Files */ = {
			isa = PBXGroup;
			children = (
				68E4E5A418E9E98500E06DED /* CookableTests-Info.plist */,
				68E4E5A518E9E98500E06DED /* InfoPlist.strings */,
			);
			name = "Supporting Files";
			sourceTree = "<group>";
		};
/* End PBXGroup section */

/* Begin PBXNativeTarget section */
		68E4E57918E9E98500E06DED /* Cookable */ = {
			isa = PBXNativeTarget;
			buildConfigurationList = 68E4E5AC18E9E98500E06DED /* Build configuration list for PBXNativeTarget "Cookable" */;
			buildPhases = (
				68E4E57618E9E98500E06DED /* Sources */,
				68E4E57718E9E98500E06DED /* Frameworks */,
				68E4E57818E9E98500E06DED /* Resources */,
			);
			buildRules = (
			);
			dependencies = (
			);
			name = Cookable;
			productName = Cookable;
			productReference = 68E4E57A18E9E98500E06DED /* Cookable.app */;
			productType = "com.apple.product-type.application";
		};
		68E4E59A18E9E98500E06DED /* CookableTests */ = {
			isa = PBXNativeTarget;
			buildConfigurationList = 68E4E5AF18E9E98500E06DED /* Build configuration list for PBXNativeTarget "CookableTests" */;
			buildPhases = (
				68E4E59718E9E98500E06DED /* Sources */,
				68E4E59818E9E98500E06DED /* Frameworks */,
				68E4E59918E9E98500E06DED /* Resources */,
			);
			buildRules = (
			);
			dependencies = (
				68E4E5A118E9E98500E06DED /* PBXTargetDependency */,
			);
			name = CookableTests;
			productName = CookableTests;
			productReference = 68E4E59B18E9E98500E06DED /* CookableTests.xctest */;
			productType = "com.apple.product-type.bundle.unit-test";
		};
/* End PBXNativeTarget section */

/* Begin PBXProject section */
		68E4E57218E9E98500E06DED /* Project object */ = {
			isa = PBXProject;
			attributes = {
				CLASSPREFIX = RNG;
				LastUpgradeCheck = 0510;
				ORGANIZATIONNAME = "Alex Wolff";
				TargetAttributes = {
					68E4E59A18E9E98500E06DED = {
						TestTargetID = 68E4E57918E9E98500E06DED;
					};
				};
			};
			buildConfigurationList = 68E4E57518E9E98500E06DED /* Build configuration list for PBXProject "Cookable" */;
			compatibilityVersion = "Xcode 3.2";
			developmentRegion = English;
			hasScannedForEncodings = 0;
			knownRegions = (
				en,
				Base,
			);
			mainGroup = 68E4E57118E9E98500E06DED;
			productRefGroup = 68E4E57B18E9E98500E06DED /* Products */;
			projectDirPath = "";
			projectRoot = "";
			targets = (
				68E4E57918E9E98500E06DED /* Cookable */,
				68E4E59A18E9E98500E06DED /* CookableTests */,
			);
		};
/* End PBXProject section */

/* Begin PBXResourcesBuildPhase section */
		68E4E57818E9E98500E06DED /* Resources */ = {
			isa = PBXResourcesBuildPhase;
			buildActionMask = 2147483647;
			files = (
				684B83FB18F3522700615D93 /* Greek-Salad.jpg in Resources */,
				067E5AFC18F4E8D200CBE994 /* tomato1.jpg in Resources */,
				68E4E59618E9E98500E06DED /* Images.xcassets in Resources */,
				68CD176A18FC8937006BEEE7 /* ShrimpSaladTile.jpg in Resources */,
				688551FE1907327A00CEEC02 /* CaesarTile.jpg in Resources */,
				682859CD18F4B56100675186 /* icon-ios7-arrow-right-512.png in Resources */,
				68B7F12018F1E078004BCD37 /* icon_431.png in Resources */,
				68E4E58818E9E98500E06DED /* InfoPlist.strings in Resources */,
				68CD176818FC8937006BEEE7 /* AvocadoTile.jpg in Resources */,
				68CD176018FC864E006BEEE7 /* GreekSaladTile.jpg in Resources */,
				0691DFCA18F35BC6004EC9AB /* menu-icon30.png in Resources */,
				688551FC1907327200CEEC02 /* PotatoTile.jpg in Resources */,
				682859D518F4B6A000675186 /* icon-ios7-arrow-right-64.png in Resources */,
				067E5AFB18F4E8D200CBE994 /* onion2.jpg in Resources */,
				067E5AFF18F4E8DA00CBE994 /* cucumber.jpg in Resources */,
				68855204190734A400CEEC02 /* ChickenTile.jpg in Resources */,
				68CD176418FC8748006BEEE7 /* TunaSaladTile.jpg in Resources */,
				684B83FF18F3569300615D93 /* cookinginstructions.png in Resources */,
				688552021907332600CEEC02 /* GreekTile.jpg in Resources */,
				68855206190734C700CEEC02 /* AppleColeslawTile.jpg in Resources */,
				682859CC18F4B56100675186 /* icon-ios7-arrow-left-512.png in Resources */,
				68315FFD18F1CEF700808FEA /* CookableResultTile.png in Resources */,
				68CD176118FC864E006BEEE7 /* PotatoSaladTile.jpg in Resources */,
				684B83F918F3522700615D93 /* greek-salad-520-a.jpg in Resources */,
				68E4E59118E9E98500E06DED /* Main.storyboard in Resources */,
				067E5AF818F4E8D200CBE994 /* mix.jpg in Resources */,
				067E5AFA18F4E8D200CBE994 /* onion1.jpg in Resources */,
				688551FA19072FDB00CEEC02 /* CornTile.jpg in Resources */,
				684B83FA18F3522700615D93 /* greek-salad-su-1173749-l.jpg in Resources */,
				6831600118F1DDE200808FEA /* star.png in Resources */,
				68CD175F18FC864E006BEEE7 /* FruitSaladTile.jpg in Resources */,
				68CD175D18FC864E006BEEE7 /* CaesarSaladTile.jpg in Resources */,
				682859D418F4B6A000675186 /* icon-ios7-arrow-left-64.png in Resources */,
				067E5AFD18F4E8D200CBE994 /* tomato2.jpg in Resources */,
				067E5AF918F4E8D200CBE994 /* olive.jpg in Resources */,
				684B840118F389B100615D93 /* ios7_siri_icon.png in Resources */,
				68CD176918FC8937006BEEE7 /* EggSaladTile.jpg in Resources */,
				684B83FD18F3525D00615D93 /* Greek-Salad-2.jpg in Resources */,
				68CD175E18FC864E006BEEE7 /* ChickenSaladTile.jpg in Resources */,
			);
			runOnlyForDeploymentPostprocessing = 0;
		};
		68E4E59918E9E98500E06DED /* Resources */ = {
			isa = PBXResourcesBuildPhase;
			buildActionMask = 2147483647;
			files = (
				68E4E5A718E9E98500E06DED /* InfoPlist.strings in Resources */,
			);
			runOnlyForDeploymentPostprocessing = 0;
		};
/* End PBXResourcesBuildPhase section */

/* Begin PBXSourcesBuildPhase section */
		68E4E57618E9E98500E06DED /* Sources */ = {
			isa = PBXSourcesBuildPhase;
			buildActionMask = 2147483647;
			files = (
				68E4E58E18E9E98500E06DED /* RNGAppDelegate.m in Sources */,
				68E4E58A18E9E98500E06DED /* main.m in Sources */,
				0691DFCD18F36B39004EC9AB /* StepViewController.m in Sources */,
				68B7F12B18F1F941004BCD37 /* RecommendedViewController.m in Sources */,
				68E4E59418E9E98500E06DED /* RNGViewController.m in Sources */,
				684B83F518F34E4900615D93 /* RecipeOverviewTableViewController.m in Sources */,
				067E5B0218F4E9E600CBE994 /* StepsViewController.m in Sources */,
				68B7F12518F1EC5A004BCD37 /* ResultsCollectionViewController.m in Sources */,
			);
			runOnlyForDeploymentPostprocessing = 0;
		};
		68E4E59718E9E98500E06DED /* Sources */ = {
			isa = PBXSourcesBuildPhase;
			buildActionMask = 2147483647;
			files = (
				68E4E5A918E9E98500E06DED /* CookableTests.m in Sources */,
			);
			runOnlyForDeploymentPostprocessing = 0;
		};
/* End PBXSourcesBuildPhase section */

/* Begin PBXTargetDependency section */
		68E4E5A118E9E98500E06DED /* PBXTargetDependency */ = {
			isa = PBXTargetDependency;
			target = 68E4E57918E9E98500E06DED /* Cookable */;
			targetProxy = 68E4E5A018E9E98500E06DED /* PBXContainerItemProxy */;
		};
/* End PBXTargetDependency section */

/* Begin PBXVariantGroup section */
		68E4E58618E9E98500E06DED /* InfoPlist.strings */ = {
			isa = PBXVariantGroup;
			children = (
				68E4E58718E9E98500E06DED /* en */,
			);
			name = InfoPlist.strings;
			sourceTree = "<group>";
		};
		68E4E58F18E9E98500E06DED /* Main.storyboard */ = {
			isa = PBXVariantGroup;
			children = (
				68E4E59018E9E98500E06DED /* Base */,
			);
			name = Main.storyboard;
			sourceTree = "<group>";
		};
		68E4E5A518E9E98500E06DED /* InfoPlist.strings */ = {
			isa = PBXVariantGroup;
			children = (
				68E4E5A618E9E98500E06DED /* en */,
			);
			name = InfoPlist.strings;
			sourceTree = "<group>";
		};
/* End PBXVariantGroup section */

/* Begin XCBuildConfiguration section */
		68E4E5AA18E9E98500E06DED /* Debug */ = {
			isa = XCBuildConfiguration;
			buildSettings = {
				ALWAYS_SEARCH_USER_PATHS = NO;
				CLANG_CXX_LANGUAGE_STANDARD = "gnu++0x";
				CLANG_CXX_LIBRARY = "libc++";
				CLANG_ENABLE_MODULES = YES;
				CLANG_ENABLE_OBJC_ARC = YES;
				CLANG_WARN_BOOL_CONVERSION = YES;
				CLANG_WARN_CONSTANT_CONVERSION = YES;
				CLANG_WARN_DIRECT_OBJC_ISA_USAGE = YES_ERROR;
				CLANG_WARN_EMPTY_BODY = YES;
				CLANG_WARN_ENUM_CONVERSION = YES;
				CLANG_WARN_INT_CONVERSION = YES;
				CLANG_WARN_OBJC_ROOT_CLASS = YES_ERROR;
				CLANG_WARN__DUPLICATE_METHOD_MATCH = YES;
				"CODE_SIGN_IDENTITY[sdk=iphoneos*]" = "iPhone Developer";
				COPY_PHASE_STRIP = NO;
				GCC_C_LANGUAGE_STANDARD = gnu99;
				GCC_DYNAMIC_NO_PIC = NO;
				GCC_OPTIMIZATION_LEVEL = 0;
				GCC_PREPROCESSOR_DEFINITIONS = (
					"DEBUG=1",
					"$(inherited)",
				);
				GCC_SYMBOLS_PRIVATE_EXTERN = NO;
				GCC_WARN_64_TO_32_BIT_CONVERSION = YES;
				GCC_WARN_ABOUT_RETURN_TYPE = YES_ERROR;
				GCC_WARN_UNDECLARED_SELECTOR = YES;
				GCC_WARN_UNINITIALIZED_AUTOS = YES_AGGRESSIVE;
				GCC_WARN_UNUSED_FUNCTION = YES;
				GCC_WARN_UNUSED_VARIABLE = YES;
				IPHONEOS_DEPLOYMENT_TARGET = 7.1;
				ONLY_ACTIVE_ARCH = YES;
				SDKROOT = iphoneos;
				TARGETED_DEVICE_FAMILY = 2;
			};
			name = Debug;
		};
		68E4E5AB18E9E98500E06DED /* Release */ = {
			isa = XCBuildConfiguration;
			buildSettings = {
				ALWAYS_SEARCH_USER_PATHS = NO;
				CLANG_CXX_LANGUAGE_STANDARD = "gnu++0x";
				CLANG_CXX_LIBRARY = "libc++";
				CLANG_ENABLE_MODULES = YES;
				CLANG_ENABLE_OBJC_ARC = YES;
				CLANG_WARN_BOOL_CONVERSION = YES;
				CLANG_WARN_CONSTANT_CONVERSION = YES;
				CLANG_WARN_DIRECT_OBJC_ISA_USAGE = YES_ERROR;
				CLANG_WARN_EMPTY_BODY = YES;
				CLANG_WARN_ENUM_CONVERSION = YES;
				CLANG_WARN_INT_CONVERSION = YES;
				CLANG_WARN_OBJC_ROOT_CLASS = YES_ERROR;
				CLANG_WARN__DUPLICATE_METHOD_MATCH = YES;
				"CODE_SIGN_IDENTITY[sdk=iphoneos*]" = "iPhone Developer";
				COPY_PHASE_STRIP = YES;
				ENABLE_NS_ASSERTIONS = NO;
				GCC_C_LANGUAGE_STANDARD = gnu99;
				GCC_WARN_64_TO_32_BIT_CONVERSION = YES;
				GCC_WARN_ABOUT_RETURN_TYPE = YES_ERROR;
				GCC_WARN_UNDECLARED_SELECTOR = YES;
				GCC_WARN_UNINITIALIZED_AUTOS = YES_AGGRESSIVE;
				GCC_WARN_UNUSED_FUNCTION = YES;
				GCC_WARN_UNUSED_VARIABLE = YES;
				IPHONEOS_DEPLOYMENT_TARGET = 7.1;
				SDKROOT = iphoneos;
				TARGETED_DEVICE_FAMILY = 2;
				VALIDATE_PRODUCT = YES;
			};
			name = Release;
		};
		68E4E5AD18E9E98500E06DED /* Debug */ = {
			isa = XCBuildConfiguration;
			buildSettings = {
				ASSETCATALOG_COMPILER_APPICON_NAME = AppIcon;
				ASSETCATALOG_COMPILER_LAUNCHIMAGE_NAME = LaunchImage;
				GCC_PRECOMPILE_PREFIX_HEADER = YES;
				GCC_PREFIX_HEADER = "Cookable/Cookable-Prefix.pch";
				INFOPLIST_FILE = "Cookable/Cookable-Info.plist";
				PRODUCT_NAME = "$(TARGET_NAME)";
				WRAPPER_EXTENSION = app;
			};
			name = Debug;
		};
		68E4E5AE18E9E98500E06DED /* Release */ = {
			isa = XCBuildConfiguration;
			buildSettings = {
				ASSETCATALOG_COMPILER_APPICON_NAME = AppIcon;
				ASSETCATALOG_COMPILER_LAUNCHIMAGE_NAME = LaunchImage;
				GCC_PRECOMPILE_PREFIX_HEADER = YES;
				GCC_PREFIX_HEADER = "Cookable/Cookable-Prefix.pch";
				INFOPLIST_FILE = "Cookable/Cookable-Info.plist";
				PRODUCT_NAME = "$(TARGET_NAME)";
				WRAPPER_EXTENSION = app;
			};
			name = Release;
		};
		68E4E5B018E9E98500E06DED /* Debug */ = {
			isa = XCBuildConfiguration;
			buildSettings = {
				BUNDLE_LOADER = "$(BUILT_PRODUCTS_DIR)/Cookable.app/Cookable";
				FRAMEWORK_SEARCH_PATHS = (
					"$(SDKROOT)/Developer/Library/Frameworks",
					"$(inherited)",
					"$(DEVELOPER_FRAMEWORKS_DIR)",
				);
				GCC_PRECOMPILE_PREFIX_HEADER = YES;
				GCC_PREFIX_HEADER = "Cookable/Cookable-Prefix.pch";
				GCC_PREPROCESSOR_DEFINITIONS = (
					"DEBUG=1",
					"$(inherited)",
				);
				INFOPLIST_FILE = "CookableTests/CookableTests-Info.plist";
				PRODUCT_NAME = "$(TARGET_NAME)";
				TEST_HOST = "$(BUNDLE_LOADER)";
				WRAPPER_EXTENSION = xctest;
			};
			name = Debug;
		};
		68E4E5B118E9E98500E06DED /* Release */ = {
			isa = XCBuildConfiguration;
			buildSettings = {
				BUNDLE_LOADER = "$(BUILT_PRODUCTS_DIR)/Cookable.app/Cookable";
				FRAMEWORK_SEARCH_PATHS = (
					"$(SDKROOT)/Developer/Library/Frameworks",
					"$(inherited)",
					"$(DEVELOPER_FRAMEWORKS_DIR)",
				);
				GCC_PRECOMPILE_PREFIX_HEADER = YES;
				GCC_PREFIX_HEADER = "Cookable/Cookable-Prefix.pch";
				INFOPLIST_FILE = "CookableTests/CookableTests-Info.plist";
				PRODUCT_NAME = "$(TARGET_NAME)";
				TEST_HOST = "$(BUNDLE_LOADER)";
				WRAPPER_EXTENSION = xctest;
			};
			name = Release;
		};
/* End XCBuildConfiguration section */

/* Begin XCConfigurationList section */
		68E4E57518E9E98500E06DED /* Build configuration list for PBXProject "Cookable" */ = {
			isa = XCConfigurationList;
			buildConfigurations = (
				68E4E5AA18E9E98500E06DED /* Debug */,
				68E4E5AB18E9E98500E06DED /* Release */,
			);
			defaultConfigurationIsVisible = 0;
			defaultConfigurationName = Release;
		};
		68E4E5AC18E9E98500E06DED /* Build configuration list for PBXNativeTarget "Cookable" */ = {
			isa = XCConfigurationList;
			buildConfigurations = (
				68E4E5AD18E9E98500E06DED /* Debug */,
				68E4E5AE18E9E98500E06DED /* Release */,
			);
			defaultConfigurationIsVisible = 0;
			defaultConfigurationName = Release;
		};
		68E4E5AF18E9E98500E06DED /* Build configuration list for PBXNativeTarget "CookableTests" */ = {
			isa = XCConfigurationList;
			buildConfigurations = (
				68E4E5B018E9E98500E06DED /* Debug */,
				68E4E5B118E9E98500E06DED /* Release */,
			);
			defaultConfigurationIsVisible = 0;
			defaultConfigurationName = Release;
		};
/* End XCConfigurationList section */
	};
	rootObject = 68E4E57218E9E98500E06DED /* Project object */;
}
